
Microsoft Visual Studio Solution File, Format Version 12.00
# Visual Studio Version 16
VisualStudioVersion = 16.0.29409.12
MinimumVisualStudioVersion = 10.0.40219.1
Project("{FAE04EC0-301F-11D3-BF4B-00C04F79EFBC}") = "FootballBaseDB", "FootballBaseDB\FootballBaseDB.csproj", "{7421BB3D-C4D5-4DD2-9651-20197A4AB0B0}"
EndProject
Global
	GlobalSection(SolutionConfigurationPlatforms) = preSolution
		Debug|Any CPU = Debug|Any CPU
		Release|Any CPU = Release|Any CPU
	EndGlobalSection
	GlobalSection(ProjectConfigurationPlatforms) = postSolution
		{7421BB3D-C4D5-4DD2-9651-20197A4AB0B0}.Debug|Any CPU.ActiveCfg = Debug|Any CPU
		{7421BB3D-C4D5-4DD2-9651-20197A4AB0B0}.Debug|Any CPU.Build.0 = Debug|Any CPU
		{7421BB3D-C4D5-4DD2-9651-20197A4AB0B0}.Release|Any CPU.ActiveCfg = Release|Any CPU
		{7421BB3D-C4D5-4DD2-9651-20197A4AB0B0}.Release|Any CPU.Build.0 = Release|Any CPU
	EndGlobalSection
	GlobalSection(SolutionProperties) = preSolution
		HideSolutionNode = FALSE
	EndGlobalSection
	GlobalSection(ExtensibilityGlobals) = postSolution
		SolutionGuid = {B8CDF2DF-9819-4087-8332-C6F8A668261F}
	EndGlobalSection
EndGlobal
